
Microsoft Visual Studio Solution File, Format Version 12.00
# Visual Studio Version 16
VisualStudioVersion = 16.0.30114.105
MinimumVisualStudioVersion = 10.0.40219.1
Project("{FAE04EC0-301F-11D3-BF4B-00C04F79EFBC}") = "ShapesLibrary", "src\ShapesLibrary\ShapesLibrary.csproj", "{97DD8939-CAB6-4A1E-BB16-F6C17F4A7A4D}"
EndProject
Project("{FAE04EC0-301F-11D3-BF4B-00C04F79EFBC}") = "ConsoleApp", "src\ConsoleApp\ConsoleApp.csproj", "{9ACE965A-E5B3-4E69-B9F0-A1FE873B5A7C}"
EndProject
Project("{2150E333-8FDC-42A3-9474-1A3956D46DE8}") = "src", "src", "{44223D87-FEFD-4D1B-98ED-E60BF47BE697}"
EndProject
Global
	GlobalSection(SolutionConfigurationPlatforms) = preSolution
		Debug|Any CPU = Debug|Any CPU
		Release|Any CPU = Release|Any CPU
	EndGlobalSection
	GlobalSection(SolutionProperties) = preSolution
		HideSolutionNode = FALSE
	EndGlobalSection
	GlobalSection(ProjectConfigurationPlatforms) = postSolution
		{8E50C26A-C7F7-4130-BFD3-3C9E998146D5}.Debug|Any CPU.ActiveCfg = Debug|Any CPU
		{8E50C26A-C7F7-4130-BFD3-3C9E998146D5}.Debug|Any CPU.Build.0 = Debug|Any CPU
		{8E50C26A-C7F7-4130-BFD3-3C9E998146D5}.Release|Any CPU.ActiveCfg = Release|Any CPU
		{8E50C26A-C7F7-4130-BFD3-3C9E998146D5}.Release|Any CPU.Build.0 = Release|Any CPU
		{30D0DE01-BB3E-48E1-9C7C-26A9103B5468}.Debug|Any CPU.ActiveCfg = Debug|Any CPU
		{30D0DE01-BB3E-48E1-9C7C-26A9103B5468}.Debug|Any CPU.Build.0 = Debug|Any CPU
		{30D0DE01-BB3E-48E1-9C7C-26A9103B5468}.Release|Any CPU.ActiveCfg = Release|Any CPU
		{30D0DE01-BB3E-48E1-9C7C-26A9103B5468}.Release|Any CPU.Build.0 = Release|Any CPU
		{9D7DFB08-573F-4859-9D6A-A24333AE854D}.Debug|Any CPU.ActiveCfg = Debug|Any CPU
		{9D7DFB08-573F-4859-9D6A-A24333AE854D}.Debug|Any CPU.Build.0 = Debug|Any CPU
		{9D7DFB08-573F-4859-9D6A-A24333AE854D}.Release|Any CPU.ActiveCfg = Release|Any CPU
		{9D7DFB08-573F-4859-9D6A-A24333AE854D}.Release|Any CPU.Build.0 = Release|Any CPU
		{97DD8939-CAB6-4A1E-BB16-F6C17F4A7A4D}.Debug|Any CPU.ActiveCfg = Debug|Any CPU
		{97DD8939-CAB6-4A1E-BB16-F6C17F4A7A4D}.Debug|Any CPU.Build.0 = Debug|Any CPU
		{97DD8939-CAB6-4A1E-BB16-F6C17F4A7A4D}.Release|Any CPU.ActiveCfg = Release|Any CPU
		{97DD8939-CAB6-4A1E-BB16-F6C17F4A7A4D}.Release|Any CPU.Build.0 = Release|Any CPU
		{9ACE965A-E5B3-4E69-B9F0-A1FE873B5A7C}.Debug|Any CPU.ActiveCfg = Debug|Any CPU
		{9ACE965A-E5B3-4E69-B9F0-A1FE873B5A7C}.Debug|Any CPU.Build.0 = Debug|Any CPU
		{9ACE965A-E5B3-4E69-B9F0-A1FE873B5A7C}.Release|Any CPU.ActiveCfg = Release|Any CPU
		{9ACE965A-E5B3-4E69-B9F0-A1FE873B5A7C}.Release|Any CPU.Build.0 = Release|Any CPU
	EndGlobalSection
EndGlobal
